
Microsoft Visual Studio Solution File, Format Version 11.00
# Visual C# Express 2010
Project("{FAE04EC0-301F-11D3-BF4B-00C04F79EFBC}") = "Radio Downloader", "Radio Downloader.csproj", "{0B79D58E-5E08-493F-AC06-CC4922583572}"
EndProject
Project("{FAE04EC0-301F-11D3-BF4B-00C04F79EFBC}") = "PodcastProvider", "Providers\PodcastProvider\PodcastProvider.csproj", "{B8C8EEA9-5E4C-4F90-BC70-C4431C2438B2}"
EndProject
Global
	GlobalSection(SolutionConfigurationPlatforms) = preSolution
		Debug|mono = Debug|mono
		Debug|win32 = Debug|win32
		Debug|win64 = Debug|win64
		Release|mono = Release|mono
		Release|win32 = Release|win32
		Release|win64 = Release|win64
	EndGlobalSection
	GlobalSection(ProjectConfigurationPlatforms) = postSolution
		{0B79D58E-5E08-493F-AC06-CC4922583572}.Debug|mono.ActiveCfg = Debug|Any CPU
		{0B79D58E-5E08-493F-AC06-CC4922583572}.Debug|mono.Build.0 = Debug|Any CPU
		{0B79D58E-5E08-493F-AC06-CC4922583572}.Debug|win32.ActiveCfg = Debug|x86
		{0B79D58E-5E08-493F-AC06-CC4922583572}.Debug|win32.Build.0 = Debug|x86
		{0B79D58E-5E08-493F-AC06-CC4922583572}.Debug|win64.ActiveCfg = Debug|x64
		{0B79D58E-5E08-493F-AC06-CC4922583572}.Debug|win64.Build.0 = Debug|x64
		{0B79D58E-5E08-493F-AC06-CC4922583572}.Release|mono.ActiveCfg = Release|Any CPU
		{0B79D58E-5E08-493F-AC06-CC4922583572}.Release|mono.Build.0 = Release|Any CPU
		{0B79D58E-5E08-493F-AC06-CC4922583572}.Release|win32.ActiveCfg = Release|x86
		{0B79D58E-5E08-493F-AC06-CC4922583572}.Release|win32.Build.0 = Release|x86
		{0B79D58E-5E08-493F-AC06-CC4922583572}.Release|win64.ActiveCfg = Release|x64
		{0B79D58E-5E08-493F-AC06-CC4922583572}.Release|win64.Build.0 = Release|x64
		{B8C8EEA9-5E4C-4F90-BC70-C4431C2438B2}.Debug|mono.ActiveCfg = Debug|Any CPU
		{B8C8EEA9-5E4C-4F90-BC70-C4431C2438B2}.Debug|mono.Build.0 = Debug|Any CPU
		{B8C8EEA9-5E4C-4F90-BC70-C4431C2438B2}.Debug|win32.ActiveCfg = Debug|x86
		{B8C8EEA9-5E4C-4F90-BC70-C4431C2438B2}.Debug|win32.Build.0 = Debug|x86
		{B8C8EEA9-5E4C-4F90-BC70-C4431C2438B2}.Debug|win64.ActiveCfg = Debug|x64
		{B8C8EEA9-5E4C-4F90-BC70-C4431C2438B2}.Debug|win64.Build.0 = Debug|x64
		{B8C8EEA9-5E4C-4F90-BC70-C4431C2438B2}.Release|mono.ActiveCfg = Release|Any CPU
		{B8C8EEA9-5E4C-4F90-BC70-C4431C2438B2}.Release|mono.Build.0 = Release|Any CPU
		{B8C8EEA9-5E4C-4F90-BC70-C4431C2438B2}.Release|win32.ActiveCfg = Release|x86
		{B8C8EEA9-5E4C-4F90-BC70-C4431C2438B2}.Release|win32.Build.0 = Release|x86
		{B8C8EEA9-5E4C-4F90-BC70-C4431C2438B2}.Release|win64.ActiveCfg = Release|x64
		{B8C8EEA9-5E4C-4F90-BC70-C4431C2438B2}.Release|win64.Build.0 = Release|x64
	EndGlobalSection
	GlobalSection(SolutionProperties) = preSolution
		HideSolutionNode = FALSE
	EndGlobalSection
EndGlobal
